{
  "name": "erc20_token_openzeppelin",
  "version": "1.0.0",
  "lockfileVersion": 2,
  "requires": true,
  "packages": {
    "": {
      "name": "erc20_token_openzeppelin",
      "version": "1.0.0",
      "license": "ISC",
      "dependencies": {
        "openzeppelin-solidity": "^4.4.1",
        "save-dev": "^0.0.1-security"
      }
    },
    "node_modules/openzeppelin-solidity": {
      "version": "4.4.1",
      "resolved": "https://registry.npmjs.org/openzeppelin-solidity/-/openzeppelin-solidity-4.4.1.tgz",
      "integrity": "sha512-wM5xXSHl8uSdEd+Oq8y92goqCk4uYXIATNY0MYL+ZtviW7xcSmTtWTeV+dM6ZxkseKJMXE5iEksuR20NzMNSpg==",
      "deprecated": "This package is now published as @openzeppelin/contracts. Please change your dependency.",
      "bin": {
        "openzeppelin-contracts-migrate-imports": "scripts/migrate-imports.js"
      }
    },
    "node_modules/save-dev": {
      "version": "0.0.1-security",
      "resolved": "https://registry.npmjs.org/save-dev/-/save-dev-0.0.1-security.tgz",
      "integrity": "sha512-k6knZTDNK8PKKbIqnvxiOveJinuw2LcQjqDoaorZWP9M5AR2EPsnpDeSbeoZZ0pHr5ze1uoaKdK8NBGQrJ34Uw=="
    }
  },
  "dependencies": {
    "openzeppelin-solidity": {
      "version": "4.4.1",
      "resolved": "https://registry.npmjs.org/openzeppelin-solidity/-/openzeppelin-solidity-4.4.1.tgz",
      "integrity": "sha512-wM5xXSHl8uSdEd+Oq8y92goqCk4uYXIATNY0MYL+ZtviW7xcSmTtWTeV+dM6ZxkseKJMXE5iEksuR20NzMNSpg=="
    },
    "save-dev": {
      "version": "0.0.1-security",
      "resolved": "https://registry.npmjs.org/save-dev/-/save-dev-0.0.1-security.tgz",
      "integrity": "sha512-k6knZTDNK8PKKbIqnvxiOveJinuw2LcQjqDoaorZWP9M5AR2EPsnpDeSbeoZZ0pHr5ze1uoaKdK8NBGQrJ34Uw=="
    }
  }
}
